
Microsoft Visual Studio Solution File, Format Version 12.00
# Visual Studio 15
VisualStudioVersion = 15.0.28307.438
MinimumVisualStudioVersion = 10.0.40219.1
Project("{FAE04EC0-301F-11D3-BF4B-00C04F79EFBC}") = "BuilderProjet", "BuilderProjet\BuilderProjet.csproj", "{AEC5DAC8-7958-4F79-9C3A-4E222ADD276F}"
EndProject
Global
	GlobalSection(SolutionConfigurationPlatforms) = preSolution
		Debug|Any CPU = Debug|Any CPU
		Release|Any CPU = Release|Any CPU
	EndGlobalSection
	GlobalSection(ProjectConfigurationPlatforms) = postSolution
		{AEC5DAC8-7958-4F79-9C3A-4E222ADD276F}.Debug|Any CPU.ActiveCfg = Debug|Any CPU
		{AEC5DAC8-7958-4F79-9C3A-4E222ADD276F}.Debug|Any CPU.Build.0 = Debug|Any CPU
		{AEC5DAC8-7958-4F79-9C3A-4E222ADD276F}.Release|Any CPU.ActiveCfg = Release|Any CPU
		{AEC5DAC8-7958-4F79-9C3A-4E222ADD276F}.Release|Any CPU.Build.0 = Release|Any CPU
	EndGlobalSection
	GlobalSection(SolutionProperties) = preSolution
		HideSolutionNode = FALSE
	EndGlobalSection
	GlobalSection(ExtensibilityGlobals) = postSolution
		SolutionGuid = {BABB1DEA-559C-448E-B825-569D42D209F4}
	EndGlobalSection
EndGlobal
